// !$*UTF8*$!
{
	archiveVersion = 1;
	classes = {
	};
	objectVersion = 50;
	objects = {

/* Begin PBXBuildFile section */
		572A631D209B3CD90054D2A5 /* UdacityConstatnts.swift in Sources */ = {isa = PBXBuildFile; fileRef = 572A631C209B3CD90054D2A5 /* UdacityConstatnts.swift */; };
		572A631F209B3D410054D2A5 /* UdacityClient.swift in Sources */ = {isa = PBXBuildFile; fileRef = 572A631E209B3D410054D2A5 /* UdacityClient.swift */; };
		572A6321209B3E740054D2A5 /* GCDBlackBox.swift in Sources */ = {isa = PBXBuildFile; fileRef = 572A6320209B3E740054D2A5 /* GCDBlackBox.swift */; };
		5759363420E985C100A267A4 /* CurrentAccount.swift in Sources */ = {isa = PBXBuildFile; fileRef = 5759363320E985C100A267A4 /* CurrentAccount.swift */; };
		575D36C720989385002C24EA /* AppDelegate.swift in Sources */ = {isa = PBXBuildFile; fileRef = 575D36C620989385002C24EA /* AppDelegate.swift */; };
		575D36C920989385002C24EA /* LoginViewController.swift in Sources */ = {isa = PBXBuildFile; fileRef = 575D36C820989385002C24EA /* LoginViewController.swift */; };
		575D36CC20989385002C24EA /* Main.storyboard in Resources */ = {isa = PBXBuildFile; fileRef = 575D36CA20989385002C24EA /* Main.storyboard */; };
		575D36CE20989386002C24EA /* Assets.xcassets in Resources */ = {isa = PBXBuildFile; fileRef = 575D36CD20989386002C24EA /* Assets.xcassets */; };
		575D36DC20989386002C24EA /* OnTheMapTests.swift in Sources */ = {isa = PBXBuildFile; fileRef = 575D36DB20989386002C24EA /* OnTheMapTests.swift */; };
		575D36E720989386002C24EA /* OnTheMapUITests.swift in Sources */ = {isa = PBXBuildFile; fileRef = 575D36E620989386002C24EA /* OnTheMapUITests.swift */; };
		575E4AB020A3DBF20042AD42 /* MapAndTableTabbedViewController.swift in Sources */ = {isa = PBXBuildFile; fileRef = 575E4AAF20A3DBF20042AD42 /* MapAndTableTabbedViewController.swift */; };
		575EED5E20ADAB9C00B3D4C1 /* TableViewController.swift in Sources */ = {isa = PBXBuildFile; fileRef = 575EED5D20ADAB9C00B3D4C1 /* TableViewController.swift */; };
		5760347E20B6EE1100048B9E /* EnterLocationViewController.swift in Sources */ = {isa = PBXBuildFile; fileRef = 5760347D20B6EE1100048B9E /* EnterLocationViewController.swift */; };
		5764E44920CDDE4F00CF31A4 /* AddedEditedLocationMapViewController.swift in Sources */ = {isa = PBXBuildFile; fileRef = 5764E44820CDDE4F00CF31A4 /* AddedEditedLocationMapViewController.swift */; };
		576CA3532099ECCA000838D2 /* LaunchScreen.xib in Resources */ = {isa = PBXBuildFile; fileRef = 576CA3512099ECCA000838D2 /* LaunchScreen.xib */; };
		57742D8620A8A58700A0BF3D /* StudentData.swift in Sources */ = {isa = PBXBuildFile; fileRef = 57742D8520A8A58700A0BF3D /* StudentData.swift */; };
/* End PBXBuildFile section */

/* Begin PBXContainerItemProxy section */
		575D36D820989386002C24EA /* PBXContainerItemProxy */ = {
			isa = PBXContainerItemProxy;
			containerPortal = 575D36BB20989385002C24EA /* Project object */;
			proxyType = 1;
			remoteGlobalIDString = 575D36C220989385002C24EA;
			remoteInfo = OnTheMap;
		};
		575D36E320989386002C24EA /* PBXContainerItemProxy */ = {
			isa = PBXContainerItemProxy;
			containerPortal = 575D36BB20989385002C24EA /* Project object */;
			proxyType = 1;
			remoteGlobalIDString = 575D36C220989385002C24EA;
			remoteInfo = OnTheMap;
		};
/* End PBXContainerItemProxy section */

/* Begin PBXFileReference section */
		572A631C209B3CD90054D2A5 /* UdacityConstatnts.swift */ = {isa = PBXFileReference; lastKnownFileType = sourcecode.swift; path = UdacityConstatnts.swift; sourceTree = "<group>"; };
		572A631E209B3D410054D2A5 /* UdacityClient.swift */ = {isa = PBXFileReference; lastKnownFileType = sourcecode.swift; path = UdacityClient.swift; sourceTree = "<group>"; };
		572A6320209B3E740054D2A5 /* GCDBlackBox.swift */ = {isa = PBXFileReference; lastKnownFileType = sourcecode.swift; path = GCDBlackBox.swift; sourceTree = "<group>"; };
		5759363320E985C100A267A4 /* CurrentAccount.swift */ = {isa = PBXFileReference; lastKnownFileType = sourcecode.swift; path = CurrentAccount.swift; sourceTree = "<group>"; };
		575D36C320989385002C24EA /* OnTheMap.app */ = {isa = PBXFileReference; explicitFileType = wrapper.application; includeInIndex = 0; path = OnTheMap.app; sourceTree = BUILT_PRODUCTS_DIR; };
		575D36C620989385002C24EA /* AppDelegate.swift */ = {isa = PBXFileReference; lastKnownFileType = sourcecode.swift; path = AppDelegate.swift; sourceTree = "<group>"; };
		575D36C820989385002C24EA /* LoginViewController.swift */ = {isa = PBXFileReference; lastKnownFileType = sourcecode.swift; path = LoginViewController.swift; sourceTree = "<group>"; };
		575D36CB20989385002C24EA /* Base */ = {isa = PBXFileReference; lastKnownFileType = file.storyboard; name = Base; path = Base.lproj/Main.storyboard; sourceTree = "<group>"; };
		575D36CD20989386002C24EA /* Assets.xcassets */ = {isa = PBXFileReference; lastKnownFileType = folder.assetcatalog; path = Assets.xcassets; sourceTree = "<group>"; };
		575D36D220989386002C24EA /* Info.plist */ = {isa = PBXFileReference; lastKnownFileType = text.plist.xml; path = Info.plist; sourceTree = "<group>"; };
		575D36D720989386002C24EA /* OnTheMapTests.xctest */ = {isa = PBXFileReference; explicitFileType = wrapper.cfbundle; includeInIndex = 0; path = OnTheMapTests.xctest; sourceTree = BUILT_PRODUCTS_DIR; };
		575D36DB20989386002C24EA /* OnTheMapTests.swift */ = {isa = PBXFileReference; lastKnownFileType = sourcecode.swift; path = OnTheMapTests.swift; sourceTree = "<group>"; };
		575D36DD20989386002C24EA /* Info.plist */ = {isa = PBXFileReference; lastKnownFileType = text.plist.xml; path = Info.plist; sourceTree = "<group>"; };
		575D36E220989386002C24EA /* OnTheMapUITests.xctest */ = {isa = PBXFileReference; explicitFileType = wrapper.cfbundle; includeInIndex = 0; path = OnTheMapUITests.xctest; sourceTree = BUILT_PRODUCTS_DIR; };
		575D36E620989386002C24EA /* OnTheMapUITests.swift */ = {isa = PBXFileReference; lastKnownFileType = sourcecode.swift; path = OnTheMapUITests.swift; sourceTree = "<group>"; };
		575D36E820989386002C24EA /* Info.plist */ = {isa = PBXFileReference; lastKnownFileType = text.plist.xml; path = Info.plist; sourceTree = "<group>"; };
		575E4AAF20A3DBF20042AD42 /* MapAndTableTabbedViewController.swift */ = {isa = PBXFileReference; lastKnownFileType = sourcecode.swift; path = MapAndTableTabbedViewController.swift; sourceTree = "<group>"; };
		575EED5D20ADAB9C00B3D4C1 /* TableViewController.swift */ = {isa = PBXFileReference; lastKnownFileType = sourcecode.swift; path = TableViewController.swift; sourceTree = "<group>"; };
		5760347D20B6EE1100048B9E /* EnterLocationViewController.swift */ = {isa = PBXFileReference; lastKnownFileType = sourcecode.swift; path = EnterLocationViewController.swift; sourceTree = "<group>"; };
		5764E44820CDDE4F00CF31A4 /* AddedEditedLocationMapViewController.swift */ = {isa = PBXFileReference; lastKnownFileType = sourcecode.swift; path = AddedEditedLocationMapViewController.swift; sourceTree = "<group>"; };
		576CA3522099ECCA000838D2 /* Base */ = {isa = PBXFileReference; lastKnownFileType = file.xib; name = Base; path = "../../../../Library/Mobile Documents/com~apple~CloudDocs/Documents_mrunal_icloud/ios-nd-networking-master/TheMovieManagerComplete/TheMovieManager/Base.lproj/LaunchScreen.xib"; sourceTree = "<group>"; };
		57742D8520A8A58700A0BF3D /* StudentData.swift */ = {isa = PBXFileReference; lastKnownFileType = sourcecode.swift; path = StudentData.swift; sourceTree = "<group>"; };
/* End PBXFileReference section */

/* Begin PBXFrameworksBuildPhase section */
		575D36C020989385002C24EA /* Frameworks */ = {
			isa = PBXFrameworksBuildPhase;
			buildActionMask = 2147483647;
			files = (
			);
			runOnlyForDeploymentPostprocessing = 0;
		};
		575D36D420989386002C24EA /* Frameworks */ = {
			isa = PBXFrameworksBuildPhase;
			buildActionMask = 2147483647;
			files = (
			);
			runOnlyForDeploymentPostprocessing = 0;
		};
		575D36DF20989386002C24EA /* Frameworks */ = {
			isa = PBXFrameworksBuildPhase;
			buildActionMask = 2147483647;
			files = (
			);
			runOnlyForDeploymentPostprocessing = 0;
		};
/* End PBXFrameworksBuildPhase section */

/* Begin PBXGroup section */
		572A631B209B3CA00054D2A5 /* Client */ = {
			isa = PBXGroup;
			children = (
				572A631C209B3CD90054D2A5 /* UdacityConstatnts.swift */,
				572A631E209B3D410054D2A5 /* UdacityClient.swift */,
			);
			path = Client;
			sourceTree = "<group>";
		};
		575D36BA20989385002C24EA = {
			isa = PBXGroup;
			children = (
				575D36C520989385002C24EA /* OnTheMap */,
				575D36DA20989386002C24EA /* OnTheMapTests */,
				575D36E520989386002C24EA /* OnTheMapUITests */,
				575D36C420989385002C24EA /* Products */,
			);
			sourceTree = "<group>";
		};
		575D36C420989385002C24EA /* Products */ = {
			isa = PBXGroup;
			children = (
				575D36C320989385002C24EA /* OnTheMap.app */,
				575D36D720989386002C24EA /* OnTheMapTests.xctest */,
				575D36E220989386002C24EA /* OnTheMapUITests.xctest */,
			);
			name = Products;
			sourceTree = "<group>";
		};
		575D36C520989385002C24EA /* OnTheMap */ = {
			isa = PBXGroup;
			children = (
				575D36C620989385002C24EA /* AppDelegate.swift */,
				572A6320209B3E740054D2A5 /* GCDBlackBox.swift */,
				576CA34A2099E40A000838D2 /* Model */,
				576CA34B2099E450000838D2 /* View */,
				576CA34C2099E469000838D2 /* Controller */,
				576CA34D2099E4BB000838D2 /* Assets */,
				576CA34E2099E94C000838D2 /* SupportingFiles */,
			);
			path = OnTheMap;
			sourceTree = "<group>";
		};
		575D36DA20989386002C24EA /* OnTheMapTests */ = {
			isa = PBXGroup;
			children = (
				575D36DB20989386002C24EA /* OnTheMapTests.swift */,
				575D36DD20989386002C24EA /* Info.plist */,
			);
			path = OnTheMapTests;
			sourceTree = "<group>";
		};
		575D36E520989386002C24EA /* OnTheMapUITests */ = {
			isa = PBXGroup;
			children = (
				575D36E620989386002C24EA /* OnTheMapUITests.swift */,
				575D36E820989386002C24EA /* Info.plist */,
			);
			path = OnTheMapUITests;
			sourceTree = "<group>";
		};
		576CA34A2099E40A000838D2 /* Model */ = {
			isa = PBXGroup;
			children = (
				57742D8220A8912100A0BF3D /* Data */,
				572A631B209B3CA00054D2A5 /* Client */,
			);
			path = Model;
			sourceTree = "<group>";
		};
		576CA34B2099E450000838D2 /* View */ = {
			isa = PBXGroup;
			children = (
			);
			path = View;
			sourceTree = "<group>";
		};
		576CA34C2099E469000838D2 /* Controller */ = {
			isa = PBXGroup;
			children = (
				575D36C820989385002C24EA /* LoginViewController.swift */,
				575E4AAF20A3DBF20042AD42 /* MapAndTableTabbedViewController.swift */,
				575EED5D20ADAB9C00B3D4C1 /* TableViewController.swift */,
				5760347D20B6EE1100048B9E /* EnterLocationViewController.swift */,
				5764E44820CDDE4F00CF31A4 /* AddedEditedLocationMapViewController.swift */,
			);
			path = Controller;
			sourceTree = "<group>";
		};
		576CA34D2099E4BB000838D2 /* Assets */ = {
			isa = PBXGroup;
			children = (
				575D36CA20989385002C24EA /* Main.storyboard */,
				576CA3512099ECCA000838D2 /* LaunchScreen.xib */,
				575D36CD20989386002C24EA /* Assets.xcassets */,
			);
			path = Assets;
			sourceTree = "<group>";
		};
		576CA34E2099E94C000838D2 /* SupportingFiles */ = {
			isa = PBXGroup;
			children = (
				575D36D220989386002C24EA /* Info.plist */,
			);
			path = SupportingFiles;
			sourceTree = "<group>";
		};
		57742D8220A8912100A0BF3D /* Data */ = {
			isa = PBXGroup;
			children = (
				57742D8520A8A58700A0BF3D /* StudentData.swift */,
				5759363320E985C100A267A4 /* CurrentAccount.swift */,
			);
			path = Data;
			sourceTree = "<group>";
		};
/* End PBXGroup section */

/* Begin PBXNativeTarget section */
		575D36C220989385002C24EA /* OnTheMap */ = {
			isa = PBXNativeTarget;
			buildConfigurationList = 575D36EB20989386002C24EA /* Build configuration list for PBXNativeTarget "OnTheMap" */;
			buildPhases = (
				575D36BF20989385002C24EA /* Sources */,
				575D36C020989385002C24EA /* Frameworks */,
				575D36C120989385002C24EA /* Resources */,
			);
			buildRules = (
			);
			dependencies = (
			);
			name = OnTheMap;
			productName = OnTheMap;
			productReference = 575D36C320989385002C24EA /* OnTheMap.app */;
			productType = "com.apple.product-type.application";
		};
		575D36D620989386002C24EA /* OnTheMapTests */ = {
			isa = PBXNativeTarget;
			buildConfigurationList = 575D36EE20989386002C24EA /* Build configuration list for PBXNativeTarget "OnTheMapTests" */;
			buildPhases = (
				575D36D320989386002C24EA /* Sources */,
				575D36D420989386002C24EA /* Frameworks */,
				575D36D520989386002C24EA /* Resources */,
			);
			buildRules = (
			);
			dependencies = (
				575D36D920989386002C24EA /* PBXTargetDependency */,
			);
			name = OnTheMapTests;
			productName = OnTheMapTests;
			productReference = 575D36D720989386002C24EA /* OnTheMapTests.xctest */;
			productType = "com.apple.product-type.bundle.unit-test";
		};
		575D36E120989386002C24EA /* OnTheMapUITests */ = {
			isa = PBXNativeTarget;
			buildConfigurationList = 575D36F120989386002C24EA /* Build configuration list for PBXNativeTarget "OnTheMapUITests" */;
			buildPhases = (
				575D36DE20989386002C24EA /* Sources */,
				575D36DF20989386002C24EA /* Frameworks */,
				575D36E020989386002C24EA /* Resources */,
			);
			buildRules = (
			);
			dependencies = (
				575D36E420989386002C24EA /* PBXTargetDependency */,
			);
			name = OnTheMapUITests;
			productName = OnTheMapUITests;
			productReference = 575D36E220989386002C24EA /* OnTheMapUITests.xctest */;
			productType = "com.apple.product-type.bundle.ui-testing";
		};
/* End PBXNativeTarget section */

/* Begin PBXProject section */
		575D36BB20989385002C24EA /* Project object */ = {
			isa = PBXProject;
			attributes = {
				LastSwiftUpdateCheck = 0930;
				LastUpgradeCheck = 0930;
				ORGANIZATIONNAME = Sonal;
				TargetAttributes = {
					575D36C220989385002C24EA = {
						CreatedOnToolsVersion = 9.3;
					};
					575D36D620989386002C24EA = {
						CreatedOnToolsVersion = 9.3;
						TestTargetID = 575D36C220989385002C24EA;
					};
					575D36E120989386002C24EA = {
						CreatedOnToolsVersion = 9.3;
						TestTargetID = 575D36C220989385002C24EA;
					};
				};
			};
			buildConfigurationList = 575D36BE20989385002C24EA /* Build configuration list for PBXProject "OnTheMap" */;
			compatibilityVersion = "Xcode 9.3";
			developmentRegion = en;
			hasScannedForEncodings = 0;
			knownRegions = (
				en,
				Base,
			);
			mainGroup = 575D36BA20989385002C24EA;
			productRefGroup = 575D36C420989385002C24EA /* Products */;
			projectDirPath = "";
			projectRoot = "";
			targets = (
				575D36C220989385002C24EA /* OnTheMap */,
				575D36D620989386002C24EA /* OnTheMapTests */,
				575D36E120989386002C24EA /* OnTheMapUITests */,
			);
		};
/* End PBXProject section */

/* Begin PBXResourcesBuildPhase section */
		575D36C120989385002C24EA /* Resources */ = {
			isa = PBXResourcesBuildPhase;
			buildActionMask = 2147483647;
			files = (
				576CA3532099ECCA000838D2 /* LaunchScreen.xib in Resources */,
				575D36CE20989386002C24EA /* Assets.xcassets in Resources */,
				575D36CC20989385002C24EA /* Main.storyboard in Resources */,
			);
			runOnlyForDeploymentPostprocessing = 0;
		};
		575D36D520989386002C24EA /* Resources */ = {
			isa = PBXResourcesBuildPhase;
			buildActionMask = 2147483647;
			files = (
			);
			runOnlyForDeploymentPostprocessing = 0;
		};
		575D36E020989386002C24EA /* Resources */ = {
			isa = PBXResourcesBuildPhase;
			buildActionMask = 2147483647;
			files = (
			);
			runOnlyForDeploymentPostprocessing = 0;
		};
/* End PBXResourcesBuildPhase section */

/* Begin PBXSourcesBuildPhase section */
		575D36BF20989385002C24EA /* Sources */ = {
			isa = PBXSourcesBuildPhase;
			buildActionMask = 2147483647;
			files = (
				575E4AB020A3DBF20042AD42 /* MapAndTableTabbedViewController.swift in Sources */,
				572A631F209B3D410054D2A5 /* UdacityClient.swift in Sources */,
				575D36C920989385002C24EA /* LoginViewController.swift in Sources */,
				575EED5E20ADAB9C00B3D4C1 /* TableViewController.swift in Sources */,
				572A631D209B3CD90054D2A5 /* UdacityConstatnts.swift in Sources */,
				5759363420E985C100A267A4 /* CurrentAccount.swift in Sources */,
				57742D8620A8A58700A0BF3D /* StudentData.swift in Sources */,
				5764E44920CDDE4F00CF31A4 /* AddedEditedLocationMapViewController.swift in Sources */,
				575D36C720989385002C24EA /* AppDelegate.swift in Sources */,
				5760347E20B6EE1100048B9E /* EnterLocationViewController.swift in Sources */,
				572A6321209B3E740054D2A5 /* GCDBlackBox.swift in Sources */,
			);
			runOnlyForDeploymentPostprocessing = 0;
		};
		575D36D320989386002C24EA /* Sources */ = {
			isa = PBXSourcesBuildPhase;
			buildActionMask = 2147483647;
			files = (
				575D36DC20989386002C24EA /* OnTheMapTests.swift in Sources */,
			);
			runOnlyForDeploymentPostprocessing = 0;
		};
		575D36DE20989386002C24EA /* Sources */ = {
			isa = PBXSourcesBuildPhase;
			buildActionMask = 2147483647;
			files = (
				575D36E720989386002C24EA /* OnTheMapUITests.swift in Sources */,
			);
			runOnlyForDeploymentPostprocessing = 0;
		};
/* End PBXSourcesBuildPhase section */

/* Begin PBXTargetDependency section */
		575D36D920989386002C24EA /* PBXTargetDependency */ = {
			isa = PBXTargetDependency;
			target = 575D36C220989385002C24EA /* OnTheMap */;
			targetProxy = 575D36D820989386002C24EA /* PBXContainerItemProxy */;
		};
		575D36E420989386002C24EA /* PBXTargetDependency */ = {
			isa = PBXTargetDependency;
			target = 575D36C220989385002C24EA /* OnTheMap */;
			targetProxy = 575D36E320989386002C24EA /* PBXContainerItemProxy */;
		};
/* End PBXTargetDependency section */

/* Begin PBXVariantGroup section */
		575D36CA20989385002C24EA /* Main.storyboard */ = {
			isa = PBXVariantGroup;
			children = (
				575D36CB20989385002C24EA /* Base */,
			);
			name = Main.storyboard;
			sourceTree = "<group>";
		};
		576CA3512099ECCA000838D2 /* LaunchScreen.xib */ = {
			isa = PBXVariantGroup;
			children = (
				576CA3522099ECCA000838D2 /* Base */,
			);
			name = LaunchScreen.xib;
			sourceTree = "<group>";
		};
/* End PBXVariantGroup section */

/* Begin XCBuildConfiguration section */
		575D36E920989386002C24EA /* Debug */ = {
			isa = XCBuildConfiguration;
			buildSettings = {
				ALWAYS_SEARCH_USER_PATHS = NO;
				CLANG_ANALYZER_NONNULL = YES;
				CLANG_ANALYZER_NUMBER_OBJECT_CONVERSION = YES_AGGRESSIVE;
				CLANG_CXX_LANGUAGE_STANDARD = "gnu++14";
				CLANG_CXX_LIBRARY = "libc++";
				CLANG_ENABLE_MODULES = YES;
				CLANG_ENABLE_OBJC_ARC = YES;
				CLANG_ENABLE_OBJC_WEAK = YES;
				CLANG_WARN_BLOCK_CAPTURE_AUTORELEASING = YES;
				CLANG_WARN_BOOL_CONVERSION = YES;
				CLANG_WARN_COMMA = YES;
				CLANG_WARN_CONSTANT_CONVERSION = YES;
				CLANG_WARN_DEPRECATED_OBJC_IMPLEMENTATIONS = YES;
				CLANG_WARN_DIRECT_OBJC_ISA_USAGE = YES_ERROR;
				CLANG_WARN_DOCUMENTATION_COMMENTS = YES;
				CLANG_WARN_EMPTY_BODY = YES;
				CLANG_WARN_ENUM_CONVERSION = YES;
				CLANG_WARN_INFINITE_RECURSION = YES;
				CLANG_WARN_INT_CONVERSION = YES;
				CLANG_WARN_NON_LITERAL_NULL_CONVERSION = YES;
				CLANG_WARN_OBJC_IMPLICIT_RETAIN_SELF = YES;
				CLANG_WARN_OBJC_LITERAL_CONVERSION = YES;
				CLANG_WARN_OBJC_ROOT_CLASS = YES_ERROR;
				CLANG_WARN_RANGE_LOOP_ANALYSIS = YES;
				CLANG_WARN_STRICT_PROTOTYPES = YES;
				CLANG_WARN_SUSPICIOUS_MOVE = YES;
				CLANG_WARN_UNGUARDED_AVAILABILITY = YES_AGGRESSIVE;
				CLANG_WARN_UNREACHABLE_CODE = YES;
				CLANG_WARN__DUPLICATE_METHOD_MATCH = YES;
				CODE_SIGN_IDENTITY = "iPhone Developer";
				COPY_PHASE_STRIP = NO;
				DEBUG_INFORMATION_FORMAT = dwarf;
				ENABLE_STRICT_OBJC_MSGSEND = YES;
				ENABLE_TESTABILITY = YES;
				GCC_C_LANGUAGE_STANDARD = gnu11;
				GCC_DYNAMIC_NO_PIC = NO;
				GCC_NO_COMMON_BLOCKS = YES;
				GCC_OPTIMIZATION_LEVEL = 0;
				GCC_PREPROCESSOR_DEFINITIONS = (
					"DEBUG=1",
					"$(inherited)",
				);
				GCC_WARN_64_TO_32_BIT_CONVERSION = YES;
				GCC_WARN_ABOUT_RETURN_TYPE = YES_ERROR;
				GCC_WARN_UNDECLARED_SELECTOR = YES;
				GCC_WARN_UNINITIALIZED_AUTOS = YES_AGGRESSIVE;
				GCC_WARN_UNUSED_FUNCTION = YES;
				GCC_WARN_UNUSED_VARIABLE = YES;
				IPHONEOS_DEPLOYMENT_TARGET = 11.3;
				MTL_ENABLE_DEBUG_INFO = YES;
				ONLY_ACTIVE_ARCH = YES;
				SDKROOT = iphoneos;
				SWIFT_ACTIVE_COMPILATION_CONDITIONS = DEBUG;
				SWIFT_OPTIMIZATION_LEVEL = "-Onone";
			};
			name = Debug;
		};
		575D36EA20989386002C24EA /* Release */ = {
			isa = XCBuildConfiguration;
			buildSettings = {
				ALWAYS_SEARCH_USER_PATHS = NO;
				CLANG_ANALYZER_NONNULL = YES;
				CLANG_ANALYZER_NUMBER_OBJECT_CONVERSION = YES_AGGRESSIVE;
				CLANG_CXX_LANGUAGE_STANDARD = "gnu++14";
				CLANG_CXX_LIBRARY = "libc++";
				CLANG_ENABLE_MODULES = YES;
				CLANG_ENABLE_OBJC_ARC = YES;
				CLANG_ENABLE_OBJC_WEAK = YES;
				CLANG_WARN_BLOCK_CAPTURE_AUTORELEASING = YES;
				CLANG_WARN_BOOL_CONVERSION = YES;
				CLANG_WARN_COMMA = YES;
				CLANG_WARN_CONSTANT_CONVERSION = YES;
				CLANG_WARN_DEPRECATED_OBJC_IMPLEMENTATIONS = YES;
				CLANG_WARN_DIRECT_OBJC_ISA_USAGE = YES_ERROR;
				CLANG_WARN_DOCUMENTATION_COMMENTS = YES;
				CLANG_WARN_EMPTY_BODY = YES;
				CLANG_WARN_ENUM_CONVERSION = YES;
				CLANG_WARN_INFINITE_RECURSION = YES;
				CLANG_WARN_INT_CONVERSION = YES;
				CLANG_WARN_NON_LITERAL_NULL_CONVERSION = YES;
				CLANG_WARN_OBJC_IMPLICIT_RETAIN_SELF = YES;
				CLANG_WARN_OBJC_LITERAL_CONVERSION = YES;
				CLANG_WARN_OBJC_ROOT_CLASS = YES_ERROR;
				CLANG_WARN_RANGE_LOOP_ANALYSIS = YES;
				CLANG_WARN_STRICT_PROTOTYPES = YES;
				CLANG_WARN_SUSPICIOUS_MOVE = YES;
				CLANG_WARN_UNGUARDED_AVAILABILITY = YES_AGGRESSIVE;
				CLANG_WARN_UNREACHABLE_CODE = YES;
				CLANG_WARN__DUPLICATE_METHOD_MATCH = YES;
				CODE_SIGN_IDENTITY = "iPhone Developer";
				COPY_PHASE_STRIP = NO;
				DEBUG_INFORMATION_FORMAT = "dwarf-with-dsym";
				ENABLE_NS_ASSERTIONS = NO;
				ENABLE_STRICT_OBJC_MSGSEND = YES;
				GCC_C_LANGUAGE_STANDARD = gnu11;
				GCC_NO_COMMON_BLOCKS = YES;
				GCC_WARN_64_TO_32_BIT_CONVERSION = YES;
				GCC_WARN_ABOUT_RETURN_TYPE = YES_ERROR;
				GCC_WARN_UNDECLARED_SELECTOR = YES;
				GCC_WARN_UNINITIALIZED_AUTOS = YES_AGGRESSIVE;
				GCC_WARN_UNUSED_FUNCTION = YES;
				GCC_WARN_UNUSED_VARIABLE = YES;
				IPHONEOS_DEPLOYMENT_TARGET = 11.3;
				MTL_ENABLE_DEBUG_INFO = NO;
				SDKROOT = iphoneos;
				SWIFT_COMPILATION_MODE = wholemodule;
				SWIFT_OPTIMIZATION_LEVEL = "-O";
				VALIDATE_PRODUCT = YES;
			};
			name = Release;
		};
		575D36EC20989386002C24EA /* Debug */ = {
			isa = XCBuildConfiguration;
			buildSettings = {
				ASSETCATALOG_COMPILER_APPICON_NAME = AppIcon;
				CODE_SIGN_STYLE = Automatic;
				DEVELOPMENT_TEAM = VXGRYD63RX;
				INFOPLIST_FILE = "$(SRCROOT)/OnTheMapTests/Info.plist";
				LD_RUNPATH_SEARCH_PATHS = (
					"$(inherited)",
					"@executable_path/Frameworks",
				);
				PRODUCT_BUNDLE_IDENTIFIER = sonal.OnTheMap;
				PRODUCT_NAME = "$(TARGET_NAME)";
				SWIFT_VERSION = 4.0;
				TARGETED_DEVICE_FAMILY = "1,2";
			};
			name = Debug;
		};
		575D36ED20989386002C24EA /* Release */ = {
			isa = XCBuildConfiguration;
			buildSettings = {
				ASSETCATALOG_COMPILER_APPICON_NAME = AppIcon;
				CODE_SIGN_STYLE = Automatic;
				DEVELOPMENT_TEAM = VXGRYD63RX;
				INFOPLIST_FILE = "$(SRCROOT)/OnTheMapTests/Info.plist";
				LD_RUNPATH_SEARCH_PATHS = (
					"$(inherited)",
					"@executable_path/Frameworks",
				);
				PRODUCT_BUNDLE_IDENTIFIER = sonal.OnTheMap;
				PRODUCT_NAME = "$(TARGET_NAME)";
				SWIFT_VERSION = 4.0;
				TARGETED_DEVICE_FAMILY = "1,2";
			};
			name = Release;
		};
		575D36EF20989386002C24EA /* Debug */ = {
			isa = XCBuildConfiguration;
			buildSettings = {
				ALWAYS_EMBED_SWIFT_STANDARD_LIBRARIES = YES;
				BUNDLE_LOADER = "$(TEST_HOST)";
				CODE_SIGN_STYLE = Automatic;
				DEVELOPMENT_TEAM = VXGRYD63RX;
				INFOPLIST_FILE = OnTheMapTests/Info.plist;
				LD_RUNPATH_SEARCH_PATHS = (
					"$(inherited)",
					"@executable_path/Frameworks",
					"@loader_path/Frameworks",
				);
				PRODUCT_BUNDLE_IDENTIFIER = sonal.OnTheMapTests;
				PRODUCT_NAME = "$(TARGET_NAME)";
				SWIFT_VERSION = 4.0;
				TARGETED_DEVICE_FAMILY = "1,2";
				TEST_HOST = "$(BUILT_PRODUCTS_DIR)/OnTheMap.app/OnTheMap";
			};
			name = Debug;
		};
		575D36F020989386002C24EA /* Release */ = {
			isa = XCBuildConfiguration;
			buildSettings = {
				ALWAYS_EMBED_SWIFT_STANDARD_LIBRARIES = YES;
				BUNDLE_LOADER = "$(TEST_HOST)";
				CODE_SIGN_STYLE = Automatic;
				DEVELOPMENT_TEAM = VXGRYD63RX;
				INFOPLIST_FILE = OnTheMapTests/Info.plist;
				LD_RUNPATH_SEARCH_PATHS = (
					"$(inherited)",
					"@executable_path/Frameworks",
					"@loader_path/Frameworks",
				);
				PRODUCT_BUNDLE_IDENTIFIER = sonal.OnTheMapTests;
				PRODUCT_NAME = "$(TARGET_NAME)";
				SWIFT_VERSION = 4.0;
				TARGETED_DEVICE_FAMILY = "1,2";
				TEST_HOST = "$(BUILT_PRODUCTS_DIR)/OnTheMap.app/OnTheMap";
			};
			name = Release;
		};
		575D36F220989386002C24EA /* Debug */ = {
			isa = XCBuildConfiguration;
			buildSettings = {
				ALWAYS_EMBED_SWIFT_STANDARD_LIBRARIES = YES;
				CODE_SIGN_STYLE = Automatic;
				DEVELOPMENT_TEAM = VXGRYD63RX;
				INFOPLIST_FILE = OnTheMapUITests/Info.plist;
				LD_RUNPATH_SEARCH_PATHS = (
					"$(inherited)",
					"@executable_path/Frameworks",
					"@loader_path/Frameworks",
				);
				PRODUCT_BUNDLE_IDENTIFIER = sonal.OnTheMapUITests;
				PRODUCT_NAME = "$(TARGET_NAME)";
				SWIFT_VERSION = 4.0;
				TARGETED_DEVICE_FAMILY = "1,2";
				TEST_TARGET_NAME = OnTheMap;
			};
			name = Debug;
		};
		575D36F320989386002C24EA /* Release */ = {
			isa = XCBuildConfiguration;
			buildSettings = {
				ALWAYS_EMBED_SWIFT_STANDARD_LIBRARIES = YES;
				CODE_SIGN_STYLE = Automatic;
				DEVELOPMENT_TEAM = VXGRYD63RX;
				INFOPLIST_FILE = OnTheMapUITests/Info.plist;
				LD_RUNPATH_SEARCH_PATHS = (
					"$(inherited)",
					"@executable_path/Frameworks",
					"@loader_path/Frameworks",
				);
				PRODUCT_BUNDLE_IDENTIFIER = sonal.OnTheMapUITests;
				PRODUCT_NAME = "$(TARGET_NAME)";
				SWIFT_VERSION = 4.0;
				TARGETED_DEVICE_FAMILY = "1,2";
				TEST_TARGET_NAME = OnTheMap;
			};
			name = Release;
		};
/* End XCBuildConfiguration section */

/* Begin XCConfigurationList section */
		575D36BE20989385002C24EA /* Build configuration list for PBXProject "OnTheMap" */ = {
			isa = XCConfigurationList;
			buildConfigurations = (
				575D36E920989386002C24EA /* Debug */,
				575D36EA20989386002C24EA /* Release */,
			);
			defaultConfigurationIsVisible = 0;
			defaultConfigurationName = Release;
		};
		575D36EB20989386002C24EA /* Build configuration list for PBXNativeTarget "OnTheMap" */ = {
			isa = XCConfigurationList;
			buildConfigurations = (
				575D36EC20989386002C24EA /* Debug */,
				575D36ED20989386002C24EA /* Release */,
			);
			defaultConfigurationIsVisible = 0;
			defaultConfigurationName = Release;
		};
		575D36EE20989386002C24EA /* Build configuration list for PBXNativeTarget "OnTheMapTests" */ = {
			isa = XCConfigurationList;
			buildConfigurations = (
				575D36EF20989386002C24EA /* Debug */,
				575D36F020989386002C24EA /* Release */,
			);
			defaultConfigurationIsVisible = 0;
			defaultConfigurationName = Release;
		};
		575D36F120989386002C24EA /* Build configuration list for PBXNativeTarget "OnTheMapUITests" */ = {
			isa = XCConfigurationList;
			buildConfigurations = (
				575D36F220989386002C24EA /* Debug */,
				575D36F320989386002C24EA /* Release */,
			);
			defaultConfigurationIsVisible = 0;
			defaultConfigurationName = Release;
		};
/* End XCConfigurationList section */
	};
	rootObject = 575D36BB20989385002C24EA /* Project object */;
}
